
Microsoft Visual Studio Solution File, Format Version 12.00
# Visual Studio 15
VisualStudioVersion = 15.0.27130.2010
MinimumVisualStudioVersion = 10.0.40219.1
Project("{9A19103F-16F7-4668-BE54-9A1E7A4F7556}") = "Crawler", "Crawler\Crawler.csproj", "{23B32898-F40D-4D7F-A50A-4BF04E8F7CF3}"
EndProject
Project("{9A19103F-16F7-4668-BE54-9A1E7A4F7556}") = "CrawlSite", "CrawlSite\CrawlSite.csproj", "{88865A98-ABF9-4D1C-9D74-4A0AED5B6351}"
EndProject
Project("{FAE04EC0-301F-11D3-BF4B-00C04F79EFBC}") = "Crawler.Tests", "Crawler.Tests\Crawler.Tests.csproj", "{31FB9D74-7A01-4380-9B7A-0F2F269B27B6}"
EndProject
Global
	GlobalSection(SolutionConfigurationPlatforms) = preSolution
		Debug|Any CPU = Debug|Any CPU
		Release|Any CPU = Release|Any CPU
	EndGlobalSection
	GlobalSection(ProjectConfigurationPlatforms) = postSolution
		{23B32898-F40D-4D7F-A50A-4BF04E8F7CF3}.Debug|Any CPU.ActiveCfg = Debug|Any CPU
		{23B32898-F40D-4D7F-A50A-4BF04E8F7CF3}.Debug|Any CPU.Build.0 = Debug|Any CPU
		{23B32898-F40D-4D7F-A50A-4BF04E8F7CF3}.Release|Any CPU.ActiveCfg = Release|Any CPU
		{23B32898-F40D-4D7F-A50A-4BF04E8F7CF3}.Release|Any CPU.Build.0 = Release|Any CPU
		{88865A98-ABF9-4D1C-9D74-4A0AED5B6351}.Debug|Any CPU.ActiveCfg = Debug|Any CPU
		{88865A98-ABF9-4D1C-9D74-4A0AED5B6351}.Debug|Any CPU.Build.0 = Debug|Any CPU
		{88865A98-ABF9-4D1C-9D74-4A0AED5B6351}.Release|Any CPU.ActiveCfg = Release|Any CPU
		{88865A98-ABF9-4D1C-9D74-4A0AED5B6351}.Release|Any CPU.Build.0 = Release|Any CPU
		{31FB9D74-7A01-4380-9B7A-0F2F269B27B6}.Debug|Any CPU.ActiveCfg = Debug|Any CPU
		{31FB9D74-7A01-4380-9B7A-0F2F269B27B6}.Debug|Any CPU.Build.0 = Debug|Any CPU
		{31FB9D74-7A01-4380-9B7A-0F2F269B27B6}.Release|Any CPU.ActiveCfg = Release|Any CPU
		{31FB9D74-7A01-4380-9B7A-0F2F269B27B6}.Release|Any CPU.Build.0 = Release|Any CPU
	EndGlobalSection
	GlobalSection(SolutionProperties) = preSolution
		HideSolutionNode = FALSE
	EndGlobalSection
	GlobalSection(ExtensibilityGlobals) = postSolution
		SolutionGuid = {45DD61CD-3E1A-4129-950D-DF89ECA530AF}
	EndGlobalSection
EndGlobal
